{
  "nodes": {
    "nixpkgs": {
      "locked": {
        "lastModified": 1636470166,
        "narHash": "sha256-0tyWSS5rgMtML5p41ZdE5ocuAnRdtOGvdsqQyMUBYAI=",
        "owner": "nixos",
        "repo": "nixpkgs",
        "rev": "f096b7122ab08e93c8b052c92461ca71b80c0cc8",
        "type": "github"
      },
      "original": {
        "owner": "nixos",
        "ref": "nixpkgs-unstable",
        "repo": "nixpkgs",
        "type": "github"
      }
    },
    "root": {
      "inputs": {
        "nixpkgs": "nixpkgs"
      }
    }
  },
  "root": "root",
  "version": 7
}
