{
  "nodes": {
    "nixpkgs": {
      "locked": {
        "lastModified": 1659343167,
        "narHash": "sha256-oCVvf9MloUkj4crjlOblAa/h5TK2mmlzEuOQy4Ra6bM=",
        "owner": "yrd",
        "repo": "nixpkgs",
        "rev": "dc5c9bca2e95424dd391c05515723f2bbf37104e",
        "type": "github"
      },
      "original": {
        "owner": "yrd",
        "repo": "nixpkgs",
        "rev": "dc5c9bca2e95424dd391c05515723f2bbf37104e",
        "type": "github"
      }
    },
    "root": {
      "inputs": {
        "nixpkgs": "nixpkgs"
      }
    }
  },
  "root": "root",
  "version": 7
}
